
Microsoft Visual Studio Solution File, Format Version 12.00
Project("{FAE04EC0-301F-11D3-BF4B-00C04F79EFBC}") = "WebApp", "WebApp\WebApp.csproj", "{DDBB42F1-A680-4EE3-A204-113250C788BD}"
EndProject
Project("{2150E333-8FDC-42A3-9474-1A3956D46DE8}") = "Base", "Base", "{32A0D871-2237-4260-9FC9-D85C17EE4015}"
EndProject
Project("{2150E333-8FDC-42A3-9474-1A3956D46DE8}") = "Base.Contracts", "Base.Contracts", "{CFE28152-1F6F-47C4-AB4B-C14187080899}"
EndProject
Project("{FAE04EC0-301F-11D3-BF4B-00C04F79EFBC}") = "Base.Contracts.Domain", "Base.Contracts.Domain\Base.Contracts.Domain.csproj", "{ADA5A012-680D-48FB-B6D5-6A318D47D40E}"
EndProject
Project("{FAE04EC0-301F-11D3-BF4B-00C04F79EFBC}") = "Base.Domain", "Base.Domain\Base.Domain.csproj", "{63C1F64B-300D-439F-89A6-F503871A5D52}"
EndProject
Project("{2150E333-8FDC-42A3-9474-1A3956D46DE8}") = "App", "App", "{0B77C93A-D5E0-4F74-9BDB-6EF0E1BE481E}"
EndProject
Project("{2150E333-8FDC-42A3-9474-1A3956D46DE8}") = "Solution Items", "Solution Items", "{1AB0CB19-5DF1-4D42-A907-E1B7334819F2}"
	ProjectSection(SolutionItems) = preProject
		README.md = README.md
		.gitignore = .gitignore
		.dockerignore = .dockerignore
		Directory.Build.props = Directory.Build.props
		docker-compose.yml = docker-compose.yml
		Dockerfile = Dockerfile
	EndProjectSection
EndProject
Project("{FAE04EC0-301F-11D3-BF4B-00C04F79EFBC}") = "App.Domain", "App.Domain\App.Domain.csproj", "{558962D0-A0F2-43EC-9415-F990585B9254}"
EndProject
Project("{FAE04EC0-301F-11D3-BF4B-00C04F79EFBC}") = "App.DAL.EF", "App.DAL.EF\App.DAL.EF.csproj", "{F43D9064-0B9D-4B93-AF24-9A0440E66A43}"
EndProject
Project("{FAE04EC0-301F-11D3-BF4B-00C04F79EFBC}") = "App.Resources", "App.Resources\App.Resources.csproj", "{49E64250-F55E-4D84-A905-88215FF78EBF}"
EndProject
Project("{FAE04EC0-301F-11D3-BF4B-00C04F79EFBC}") = "Base.Resources", "Base.Resources\Base.Resources.csproj", "{35480DB4-A396-4BEC-981B-2FC54306DC1A}"
EndProject
Project("{FAE04EC0-301F-11D3-BF4B-00C04F79EFBC}") = "Base.Contracts.DAL", "Base.Contracts.DAL\Base.Contracts.DAL.csproj", "{A732DB24-A150-457D-816E-3184B747648B}"
EndProject
Project("{FAE04EC0-301F-11D3-BF4B-00C04F79EFBC}") = "Base.DAL.EF", "Base.DAL.EF\Base.DAL.EF.csproj", "{F48C80BE-D827-405A-BC75-3643DCC93781}"
EndProject
Project("{FAE04EC0-301F-11D3-BF4B-00C04F79EFBC}") = "App.Contracts.DAL", "App.Contracts.DAL\App.Contracts.DAL.csproj", "{735C4FD7-EEB9-4829-A574-8864DE7A5A99}"
EndProject
Project("{FAE04EC0-301F-11D3-BF4B-00C04F79EFBC}") = "Base.Extensions", "Base.Extensions\Base.Extensions.csproj", "{E23704AC-81F5-4C35-8211-5E75D803B656}"
EndProject
Project("{FAE04EC0-301F-11D3-BF4B-00C04F79EFBC}") = "Base.Contracts.Base", "Base.Contracts.Base\Base.Contracts.Base.csproj", "{D3C40D80-DF19-4B26-8A3B-39B0AAA7BAED}"
EndProject
Project("{FAE04EC0-301F-11D3-BF4B-00C04F79EFBC}") = "Base.DAL", "Base.DAL\Base.DAL.csproj", "{7E987AAE-0A19-41FD-A92A-5AC514DAF179}"
EndProject
Project("{FAE04EC0-301F-11D3-BF4B-00C04F79EFBC}") = "Base.BLL", "Base.BLL\Base.BLL.csproj", "{8A55B0A3-48B9-4340-A0D1-40DFB8F88933}"
EndProject
Project("{FAE04EC0-301F-11D3-BF4B-00C04F79EFBC}") = "App.BLL", "App.BLL\App.BLL.csproj", "{7D36660E-2D5E-4283-B69E-0CF592001166}"
EndProject
Project("{FAE04EC0-301F-11D3-BF4B-00C04F79EFBC}") = "App.BLL.DTO", "App.BLL.DTO\App.BLL.DTO.csproj", "{D90958A5-03B9-41B8-85F0-A1CCE1F7D6BD}"
EndProject
Project("{FAE04EC0-301F-11D3-BF4B-00C04F79EFBC}") = "App.DAL.DTO", "App.DAL.DTO\App.DAL.DTO.csproj", "{D34917E4-AEB7-4889-8A47-AF4A8746EB3F}"
EndProject
Project("{FAE04EC0-301F-11D3-BF4B-00C04F79EFBC}") = "App.Contracts.BLL", "App.Contracts.BLL\App.Contracts.BLL.csproj", "{E1142DE9-CD8A-4639-8C24-3056A92E2E44}"
EndProject
Project("{FAE04EC0-301F-11D3-BF4B-00C04F79EFBC}") = "App.Public.DTO", "App.Public.DTO\App.Public.DTO.csproj", "{ECABC3B8-9D4C-4840-9902-9145A0C90E43}"
EndProject
Project("{FAE04EC0-301F-11D3-BF4B-00C04F79EFBC}") = "App.Public", "App.Public\App.Public.csproj", "{51CEBCB1-CB15-418E-8967-33452CD9A9F9}"
EndProject
Project("{2150E333-8FDC-42A3-9474-1A3956D46DE8}") = "Tests", "Tests", "{137ECD84-4FFD-4F8C-A9B9-62B8879C3277}"
EndProject
Project("{FAE04EC0-301F-11D3-BF4B-00C04F79EFBC}") = "Tests.WebApp", "Tests.WebApp\Tests.WebApp.csproj", "{3023CAA1-F775-4572-BB81-A847618FC6E7}"
EndProject
Project("{FAE04EC0-301F-11D3-BF4B-00C04F79EFBC}") = "Base.Contracts.BLL", "Base.Contracts.BLL\Base.Contracts.BLL.csproj", "{D3BED627-6957-4C16-B39B-79F10A3E6D08}"
EndProject
Global
	GlobalSection(SolutionConfigurationPlatforms) = preSolution
		Debug|Any CPU = Debug|Any CPU
		Release|Any CPU = Release|Any CPU
	EndGlobalSection
	GlobalSection(ProjectConfigurationPlatforms) = postSolution
		{DDBB42F1-A680-4EE3-A204-113250C788BD}.Debug|Any CPU.ActiveCfg = Debug|Any CPU
		{DDBB42F1-A680-4EE3-A204-113250C788BD}.Debug|Any CPU.Build.0 = Debug|Any CPU
		{DDBB42F1-A680-4EE3-A204-113250C788BD}.Release|Any CPU.ActiveCfg = Release|Any CPU
		{DDBB42F1-A680-4EE3-A204-113250C788BD}.Release|Any CPU.Build.0 = Release|Any CPU
		{ADA5A012-680D-48FB-B6D5-6A318D47D40E}.Debug|Any CPU.ActiveCfg = Debug|Any CPU
		{ADA5A012-680D-48FB-B6D5-6A318D47D40E}.Debug|Any CPU.Build.0 = Debug|Any CPU
		{ADA5A012-680D-48FB-B6D5-6A318D47D40E}.Release|Any CPU.ActiveCfg = Release|Any CPU
		{ADA5A012-680D-48FB-B6D5-6A318D47D40E}.Release|Any CPU.Build.0 = Release|Any CPU
		{63C1F64B-300D-439F-89A6-F503871A5D52}.Debug|Any CPU.ActiveCfg = Debug|Any CPU
		{63C1F64B-300D-439F-89A6-F503871A5D52}.Debug|Any CPU.Build.0 = Debug|Any CPU
		{63C1F64B-300D-439F-89A6-F503871A5D52}.Release|Any CPU.ActiveCfg = Release|Any CPU
		{63C1F64B-300D-439F-89A6-F503871A5D52}.Release|Any CPU.Build.0 = Release|Any CPU
		{558962D0-A0F2-43EC-9415-F990585B9254}.Debug|Any CPU.ActiveCfg = Debug|Any CPU
		{558962D0-A0F2-43EC-9415-F990585B9254}.Debug|Any CPU.Build.0 = Debug|Any CPU
		{558962D0-A0F2-43EC-9415-F990585B9254}.Release|Any CPU.ActiveCfg = Release|Any CPU
		{558962D0-A0F2-43EC-9415-F990585B9254}.Release|Any CPU.Build.0 = Release|Any CPU
		{F43D9064-0B9D-4B93-AF24-9A0440E66A43}.Debug|Any CPU.ActiveCfg = Debug|Any CPU
		{F43D9064-0B9D-4B93-AF24-9A0440E66A43}.Debug|Any CPU.Build.0 = Debug|Any CPU
		{F43D9064-0B9D-4B93-AF24-9A0440E66A43}.Release|Any CPU.ActiveCfg = Release|Any CPU
		{F43D9064-0B9D-4B93-AF24-9A0440E66A43}.Release|Any CPU.Build.0 = Release|Any CPU
		{49E64250-F55E-4D84-A905-88215FF78EBF}.Debug|Any CPU.ActiveCfg = Debug|Any CPU
		{49E64250-F55E-4D84-A905-88215FF78EBF}.Debug|Any CPU.Build.0 = Debug|Any CPU
		{49E64250-F55E-4D84-A905-88215FF78EBF}.Release|Any CPU.ActiveCfg = Release|Any CPU
		{49E64250-F55E-4D84-A905-88215FF78EBF}.Release|Any CPU.Build.0 = Release|Any CPU
		{35480DB4-A396-4BEC-981B-2FC54306DC1A}.Debug|Any CPU.ActiveCfg = Debug|Any CPU
		{35480DB4-A396-4BEC-981B-2FC54306DC1A}.Debug|Any CPU.Build.0 = Debug|Any CPU
		{35480DB4-A396-4BEC-981B-2FC54306DC1A}.Release|Any CPU.ActiveCfg = Release|Any CPU
		{35480DB4-A396-4BEC-981B-2FC54306DC1A}.Release|Any CPU.Build.0 = Release|Any CPU
		{A732DB24-A150-457D-816E-3184B747648B}.Debug|Any CPU.ActiveCfg = Debug|Any CPU
		{A732DB24-A150-457D-816E-3184B747648B}.Debug|Any CPU.Build.0 = Debug|Any CPU
		{A732DB24-A150-457D-816E-3184B747648B}.Release|Any CPU.ActiveCfg = Release|Any CPU
		{A732DB24-A150-457D-816E-3184B747648B}.Release|Any CPU.Build.0 = Release|Any CPU
		{F48C80BE-D827-405A-BC75-3643DCC93781}.Debug|Any CPU.ActiveCfg = Debug|Any CPU
		{F48C80BE-D827-405A-BC75-3643DCC93781}.Debug|Any CPU.Build.0 = Debug|Any CPU
		{F48C80BE-D827-405A-BC75-3643DCC93781}.Release|Any CPU.ActiveCfg = Release|Any CPU
		{F48C80BE-D827-405A-BC75-3643DCC93781}.Release|Any CPU.Build.0 = Release|Any CPU
		{735C4FD7-EEB9-4829-A574-8864DE7A5A99}.Debug|Any CPU.ActiveCfg = Debug|Any CPU
		{735C4FD7-EEB9-4829-A574-8864DE7A5A99}.Debug|Any CPU.Build.0 = Debug|Any CPU
		{735C4FD7-EEB9-4829-A574-8864DE7A5A99}.Release|Any CPU.ActiveCfg = Release|Any CPU
		{735C4FD7-EEB9-4829-A574-8864DE7A5A99}.Release|Any CPU.Build.0 = Release|Any CPU
		{E23704AC-81F5-4C35-8211-5E75D803B656}.Debug|Any CPU.ActiveCfg = Debug|Any CPU
		{E23704AC-81F5-4C35-8211-5E75D803B656}.Debug|Any CPU.Build.0 = Debug|Any CPU
		{E23704AC-81F5-4C35-8211-5E75D803B656}.Release|Any CPU.ActiveCfg = Release|Any CPU
		{E23704AC-81F5-4C35-8211-5E75D803B656}.Release|Any CPU.Build.0 = Release|Any CPU
		{D3C40D80-DF19-4B26-8A3B-39B0AAA7BAED}.Debug|Any CPU.ActiveCfg = Debug|Any CPU
		{D3C40D80-DF19-4B26-8A3B-39B0AAA7BAED}.Debug|Any CPU.Build.0 = Debug|Any CPU
		{D3C40D80-DF19-4B26-8A3B-39B0AAA7BAED}.Release|Any CPU.ActiveCfg = Release|Any CPU
		{D3C40D80-DF19-4B26-8A3B-39B0AAA7BAED}.Release|Any CPU.Build.0 = Release|Any CPU
		{7E987AAE-0A19-41FD-A92A-5AC514DAF179}.Debug|Any CPU.ActiveCfg = Debug|Any CPU
		{7E987AAE-0A19-41FD-A92A-5AC514DAF179}.Debug|Any CPU.Build.0 = Debug|Any CPU
		{7E987AAE-0A19-41FD-A92A-5AC514DAF179}.Release|Any CPU.ActiveCfg = Release|Any CPU
		{7E987AAE-0A19-41FD-A92A-5AC514DAF179}.Release|Any CPU.Build.0 = Release|Any CPU
		{8A55B0A3-48B9-4340-A0D1-40DFB8F88933}.Debug|Any CPU.ActiveCfg = Debug|Any CPU
		{8A55B0A3-48B9-4340-A0D1-40DFB8F88933}.Debug|Any CPU.Build.0 = Debug|Any CPU
		{8A55B0A3-48B9-4340-A0D1-40DFB8F88933}.Release|Any CPU.ActiveCfg = Release|Any CPU
		{8A55B0A3-48B9-4340-A0D1-40DFB8F88933}.Release|Any CPU.Build.0 = Release|Any CPU
		{7D36660E-2D5E-4283-B69E-0CF592001166}.Debug|Any CPU.ActiveCfg = Debug|Any CPU
		{7D36660E-2D5E-4283-B69E-0CF592001166}.Debug|Any CPU.Build.0 = Debug|Any CPU
		{7D36660E-2D5E-4283-B69E-0CF592001166}.Release|Any CPU.ActiveCfg = Release|Any CPU
		{7D36660E-2D5E-4283-B69E-0CF592001166}.Release|Any CPU.Build.0 = Release|Any CPU
		{D90958A5-03B9-41B8-85F0-A1CCE1F7D6BD}.Debug|Any CPU.ActiveCfg = Debug|Any CPU
		{D90958A5-03B9-41B8-85F0-A1CCE1F7D6BD}.Debug|Any CPU.Build.0 = Debug|Any CPU
		{D90958A5-03B9-41B8-85F0-A1CCE1F7D6BD}.Release|Any CPU.ActiveCfg = Release|Any CPU
		{D90958A5-03B9-41B8-85F0-A1CCE1F7D6BD}.Release|Any CPU.Build.0 = Release|Any CPU
		{D34917E4-AEB7-4889-8A47-AF4A8746EB3F}.Debug|Any CPU.ActiveCfg = Debug|Any CPU
		{D34917E4-AEB7-4889-8A47-AF4A8746EB3F}.Debug|Any CPU.Build.0 = Debug|Any CPU
		{D34917E4-AEB7-4889-8A47-AF4A8746EB3F}.Release|Any CPU.ActiveCfg = Release|Any CPU
		{D34917E4-AEB7-4889-8A47-AF4A8746EB3F}.Release|Any CPU.Build.0 = Release|Any CPU
		{E1142DE9-CD8A-4639-8C24-3056A92E2E44}.Debug|Any CPU.ActiveCfg = Debug|Any CPU
		{E1142DE9-CD8A-4639-8C24-3056A92E2E44}.Debug|Any CPU.Build.0 = Debug|Any CPU
		{E1142DE9-CD8A-4639-8C24-3056A92E2E44}.Release|Any CPU.ActiveCfg = Release|Any CPU
		{E1142DE9-CD8A-4639-8C24-3056A92E2E44}.Release|Any CPU.Build.0 = Release|Any CPU
		{ECABC3B8-9D4C-4840-9902-9145A0C90E43}.Debug|Any CPU.ActiveCfg = Debug|Any CPU
		{ECABC3B8-9D4C-4840-9902-9145A0C90E43}.Debug|Any CPU.Build.0 = Debug|Any CPU
		{ECABC3B8-9D4C-4840-9902-9145A0C90E43}.Release|Any CPU.ActiveCfg = Release|Any CPU
		{ECABC3B8-9D4C-4840-9902-9145A0C90E43}.Release|Any CPU.Build.0 = Release|Any CPU
		{51CEBCB1-CB15-418E-8967-33452CD9A9F9}.Debug|Any CPU.ActiveCfg = Debug|Any CPU
		{51CEBCB1-CB15-418E-8967-33452CD9A9F9}.Debug|Any CPU.Build.0 = Debug|Any CPU
		{51CEBCB1-CB15-418E-8967-33452CD9A9F9}.Release|Any CPU.ActiveCfg = Release|Any CPU
		{51CEBCB1-CB15-418E-8967-33452CD9A9F9}.Release|Any CPU.Build.0 = Release|Any CPU
		{3023CAA1-F775-4572-BB81-A847618FC6E7}.Debug|Any CPU.ActiveCfg = Debug|Any CPU
		{3023CAA1-F775-4572-BB81-A847618FC6E7}.Debug|Any CPU.Build.0 = Debug|Any CPU
		{3023CAA1-F775-4572-BB81-A847618FC6E7}.Release|Any CPU.ActiveCfg = Release|Any CPU
		{3023CAA1-F775-4572-BB81-A847618FC6E7}.Release|Any CPU.Build.0 = Release|Any CPU
		{D3BED627-6957-4C16-B39B-79F10A3E6D08}.Debug|Any CPU.ActiveCfg = Debug|Any CPU
		{D3BED627-6957-4C16-B39B-79F10A3E6D08}.Debug|Any CPU.Build.0 = Debug|Any CPU
		{D3BED627-6957-4C16-B39B-79F10A3E6D08}.Release|Any CPU.ActiveCfg = Release|Any CPU
		{D3BED627-6957-4C16-B39B-79F10A3E6D08}.Release|Any CPU.Build.0 = Release|Any CPU
	EndGlobalSection
	GlobalSection(NestedProjects) = preSolution
		{ADA5A012-680D-48FB-B6D5-6A318D47D40E} = {CFE28152-1F6F-47C4-AB4B-C14187080899}
		{63C1F64B-300D-439F-89A6-F503871A5D52} = {32A0D871-2237-4260-9FC9-D85C17EE4015}
		{DDBB42F1-A680-4EE3-A204-113250C788BD} = {0B77C93A-D5E0-4F74-9BDB-6EF0E1BE481E}
		{558962D0-A0F2-43EC-9415-F990585B9254} = {0B77C93A-D5E0-4F74-9BDB-6EF0E1BE481E}
		{F43D9064-0B9D-4B93-AF24-9A0440E66A43} = {0B77C93A-D5E0-4F74-9BDB-6EF0E1BE481E}
		{49E64250-F55E-4D84-A905-88215FF78EBF} = {0B77C93A-D5E0-4F74-9BDB-6EF0E1BE481E}
		{35480DB4-A396-4BEC-981B-2FC54306DC1A} = {32A0D871-2237-4260-9FC9-D85C17EE4015}
		{A732DB24-A150-457D-816E-3184B747648B} = {CFE28152-1F6F-47C4-AB4B-C14187080899}
		{F48C80BE-D827-405A-BC75-3643DCC93781} = {32A0D871-2237-4260-9FC9-D85C17EE4015}
		{735C4FD7-EEB9-4829-A574-8864DE7A5A99} = {0B77C93A-D5E0-4F74-9BDB-6EF0E1BE481E}
		{E23704AC-81F5-4C35-8211-5E75D803B656} = {32A0D871-2237-4260-9FC9-D85C17EE4015}
		{D3C40D80-DF19-4B26-8A3B-39B0AAA7BAED} = {CFE28152-1F6F-47C4-AB4B-C14187080899}
		{7E987AAE-0A19-41FD-A92A-5AC514DAF179} = {32A0D871-2237-4260-9FC9-D85C17EE4015}
		{8A55B0A3-48B9-4340-A0D1-40DFB8F88933} = {32A0D871-2237-4260-9FC9-D85C17EE4015}
		{7D36660E-2D5E-4283-B69E-0CF592001166} = {0B77C93A-D5E0-4F74-9BDB-6EF0E1BE481E}
		{D90958A5-03B9-41B8-85F0-A1CCE1F7D6BD} = {0B77C93A-D5E0-4F74-9BDB-6EF0E1BE481E}
		{D34917E4-AEB7-4889-8A47-AF4A8746EB3F} = {0B77C93A-D5E0-4F74-9BDB-6EF0E1BE481E}
		{E1142DE9-CD8A-4639-8C24-3056A92E2E44} = {0B77C93A-D5E0-4F74-9BDB-6EF0E1BE481E}
		{ECABC3B8-9D4C-4840-9902-9145A0C90E43} = {0B77C93A-D5E0-4F74-9BDB-6EF0E1BE481E}
		{51CEBCB1-CB15-418E-8967-33452CD9A9F9} = {0B77C93A-D5E0-4F74-9BDB-6EF0E1BE481E}
		{3023CAA1-F775-4572-BB81-A847618FC6E7} = {137ECD84-4FFD-4F8C-A9B9-62B8879C3277}
		{D3BED627-6957-4C16-B39B-79F10A3E6D08} = {CFE28152-1F6F-47C4-AB4B-C14187080899}
	EndGlobalSection
EndGlobal
